
Microsoft Visual Studio Solution File, Format Version 12.00
# Visual Studio Version 17
VisualStudioVersion = 17.0.32112.339
MinimumVisualStudioVersion = 10.0.40219.1
Project("{FAE04EC0-301F-11D3-BF4B-00C04F79EFBC}") = "DesafioDiamante,ConsoleApp", "DesafioDiamante,ConsoleApp\DesafioDiamante,ConsoleApp.csproj", "{9596D766-75A6-407F-A0F3-FFBFDE346A9B}"
EndProject
Global
	GlobalSection(SolutionConfigurationPlatforms) = preSolution
		Debug|Any CPU = Debug|Any CPU
		Release|Any CPU = Release|Any CPU
	EndGlobalSection
	GlobalSection(ProjectConfigurationPlatforms) = postSolution
		{9596D766-75A6-407F-A0F3-FFBFDE346A9B}.Debug|Any CPU.ActiveCfg = Debug|Any CPU
		{9596D766-75A6-407F-A0F3-FFBFDE346A9B}.Debug|Any CPU.Build.0 = Debug|Any CPU
		{9596D766-75A6-407F-A0F3-FFBFDE346A9B}.Release|Any CPU.ActiveCfg = Release|Any CPU
		{9596D766-75A6-407F-A0F3-FFBFDE346A9B}.Release|Any CPU.Build.0 = Release|Any CPU
	EndGlobalSection
	GlobalSection(SolutionProperties) = preSolution
		HideSolutionNode = FALSE
	EndGlobalSection
	GlobalSection(ExtensibilityGlobals) = postSolution
		SolutionGuid = {02D755FE-6CF8-49CD-83DD-B8412C2BECD0}
	EndGlobalSection
EndGlobal
